<?xml version="1.0" encoding="utf-8"?>
<Project ToolsVersion="4.0" xmlns="http://schemas.microsoft.com/developer/msbuild/2003">
  <ItemGroup>
    <Filter Include="Source Files">
      <UniqueIdentifier>{4FC737F1-C7A5-4376-A066-2A32D752A2FF}</UniqueIdentifier>
      <Extensions>cpp;c;cc;cxx;def;odl;idl;hpj;bat;asm;asmx</Extensions>
    </Filter>
    <Filter Include="Header Files">
      <UniqueIdentifier>{93995380-89BD-4b04-88EB-625FBE52EBFB}</UniqueIdentifier>
      <Extensions>h;hh;hpp;hxx;hm;inl;inc;xsd</Extensions>
    </Filter>
    <Filter Include="Resource Files">
      <UniqueIdentifier>{67DA6AB6-F800-4c08-8B7A-83BB121AAD01}</UniqueIdentifier>
      <Extensions>rc;ico;cur;bmp;dlg;rc2;rct;bin;rgs;gif;jpg;jpeg;jpe;resx;tiff;tif;png;wav;mfcribbon-ms</Extensions>
    </Filter>
    <Filter Include="GUI">
      <UniqueIdentifier>{4d7f72e1-55cb-434f-a8aa-83f23a8e444e}</UniqueIdentifier>
    </Filter>
    <Filter Include="IPC">
      <UniqueIdentifier>{3b3fb548-24e1-4104-9664-9ba3b4f226c3}</UniqueIdentifier>
    </Filter>
    <Filter Include="ISpyEmail">
      <UniqueIdentifier>{a7cb8102-eb04-47cc-9881-e8503eb3aea1}</UniqueIdentifier>
    </Filter>
    <Filter Include="System">
      <UniqueIdentifier>{60deb4ce-163f-4ce5-ad39-470ea2539042}</UniqueIdentifier>
    </Filter>
    <Filter Include="DriverInstall">
      <UniqueIdentifier>{3e58260b-908d-48d0-943d-b7c04c600419}</UniqueIdentifier>
    </Filter>
    <Filter Include="ISpyScanner">
      <UniqueIdentifier>{9ca7ce74-ad1e-4bb4-b168-4ce55a40bcbd}</UniqueIdentifier>
    </Filter>
  </ItemGroup>
  <ItemGroup>
    <Text Include="ReadMe.txt" />
  </ItemGroup>
  <ItemGroup>
    <ClInclude Include="WardWizUI.h">
      <Filter>Header Files</Filter>
    </ClInclude>
    <ClInclude Include="WardWizUIDlg.h">
      <Filter>Header Files</Filter>
    </ClInclude>
    <ClInclude Include="stdafx.h">
      <Filter>Header Files</Filter>
    </ClInclude>
    <ClInclude Include="targetver.h">
      <Filter>Header Files</Filter>
    </ClInclude>
    <ClInclude Include="WardWizScan.h">
      <Filter>Header Files</Filter>
    </ClInclude>
    <ClInclude Include="..\Common\GUI\WardwizLangManager.h">
      <Filter>GUI</Filter>
    </ClInclude>
    <ClInclude Include="..\Common\IPC\ISpyCommServer.h">
      <Filter>IPC</Filter>
    </ClInclude>
    <ClInclude Include="..\Common\IPC\ISpyCommunicator.h">
      <Filter>IPC</Filter>
    </ClInclude>
    <ClInclude Include="..\Common\IPC\ISpyCriticalSection.h">
      <Filter>IPC</Filter>
    </ClInclude>
    <ClInclude Include="..\Common\IPC\iSpyMemMapClient.h">
      <Filter>IPC</Filter>
    </ClInclude>
    <ClInclude Include="..\Common\IPC\iSpyMemMapServer.h">
      <Filter>IPC</Filter>
    </ClInclude>
    <ClInclude Include="..\Common\IPC\ISpyNamedPipeListener.h">
      <Filter>IPC</Filter>
    </ClInclude>
    <ClInclude Include="..\Common\IPC\PipeConstants.h">
      <Filter>IPC</Filter>
    </ClInclude>
    <ClInclude Include="..\Common\ISpyEmail\ISpyDataManager.h">
      <Filter>ISpyEmail</Filter>
    </ClInclude>
    <ClInclude Include="..\Common\ISpyEmail\ISpyList.h">
      <Filter>ISpyEmail</Filter>
    </ClInclude>
    <ClInclude Include="..\Common\System\Enumprocess.h">
      <Filter>System</Filter>
    </ClInclude>
    <ClInclude Include="..\Common\CrashDumpHandlerInc\WardWizDumpCreater.h">
      <Filter>System</Filter>
    </ClInclude>
    <ClInclude Include="..\Common\System\WrdwizEncDecManager.h">
      <Filter>System</Filter>
    </ClInclude>
    <ClInclude Include="..\Common\System\iTINRegWrapper.h">
      <Filter>System</Filter>
    </ClInclude>
    <ClInclude Include="WardWizRegistryOpt.h">
      <Filter>Header Files</Filter>
    </ClInclude>
    <ClInclude Include="WardWizDataCrypt.h">
      <Filter>Header Files</Filter>
    </ClInclude>
    <ClInclude Include="SelectDialog.h">
      <Filter>Header Files</Filter>
    </ClInclude>
    <ClInclude Include="WardWizRecover.h">
      <Filter>Header Files</Filter>
    </ClInclude>
    <ClInclude Include="WardWizSettings.h">
      <Filter>Header Files</Filter>
    </ClInclude>
    <ClInclude Include="WardWizAntirootkit.h">
      <Filter>Header Files</Filter>
    </ClInclude>
    <ClInclude Include="WardWizUpdates.h">
      <Filter>Header Files</Filter>
    </ClInclude>
    <ClInclude Include="WardWizLiveUpdate.h">
      <Filter>Header Files</Filter>
    </ClInclude>
    <ClInclude Include="..\Common\System\WWizSettingsWrapper.h">
      <Filter>System</Filter>
    </ClInclude>
    <ClInclude Include="WardWizReports.h">
      <Filter>Header Files</Filter>
    </ClInclude>
    <ClInclude Include="..\Common\System\CScannerLoad.h">
      <Filter>DriverInstall</Filter>
    </ClInclude>
    <ClInclude Include="..\Common\System\CSecure64.h">
      <Filter>DriverInstall</Filter>
    </ClInclude>
    <ClInclude Include="..\Common\System\DriverConstants.h">
      <Filter>DriverInstall</Filter>
    </ClInclude>
    <ClInclude Include="..\Common\System\WardwizOSVersion.h">
      <Filter>System</Filter>
    </ClInclude>
    <ClInclude Include="..\Common\System\WrdWizSystemInfo.h">
      <Filter>System</Filter>
    </ClInclude>
    <ClInclude Include="..\Common\Scanner\WardWizDatabaseInterface.h">
      <Filter>Header Files</Filter>
    </ClInclude>
    <ClInclude Include="..\Common\Scanner\ExcludeFilesFolders.h">
      <Filter>Header Files</Filter>
    </ClInclude>
    <ClInclude Include="..\Common\Scanner\ExcludeFilesFolders.h">
      <Filter>ISpyScanner</Filter>
    </ClInclude>
    <ClInclude Include="WardWizFolderLocker.h">
      <Filter>Header Files</Filter>
    </ClInclude>
    <ClInclude Include="WardWizEmailScan.h">
      <Filter>Header Files</Filter>
    </ClInclude>
    <ClInclude Include="WardWizFirewall.h">
      <Filter>Header Files</Filter>
    </ClInclude>
    <ClInclude Include="WardWizParentalControl.h">
      <Filter>Header Files</Filter>
    </ClInclude>
    <ClInclude Include="..\Common\Scanner\ScanByName.h">
      <Filter>Header Files</Filter>
    </ClInclude>
    <ClInclude Include="WardWizFullScan.h">
      <Filter>Header Files</Filter>
    </ClInclude>
    <ClInclude Include="WardWizQuickScan.h">
      <Filter>Header Files</Filter>
    </ClInclude>
    <ClInclude Include="WrdWizBrowserSecurity.h">
      <Filter>Header Files</Filter>
    </ClInclude>
    <ClInclude Include="..\Common\System\ExecuteProcess.h">
      <Filter>Header Files</Filter>
    </ClInclude>
    <ClInclude Include="Resource.h" />
  </ItemGroup>
  <ItemGroup>
    <ClCompile Include="WardWizUI.cpp">
      <Filter>Source Files</Filter>
    </ClCompile>
    <ClCompile Include="WardWizUIDlg.cpp">
      <Filter>Source Files</Filter>
    </ClCompile>
    <ClCompile Include="stdafx.cpp">
      <Filter>Source Files</Filter>
    </ClCompile>
    <ClCompile Include="WardWizScan.cpp">
      <Filter>Source Files</Filter>
    </ClCompile>
    <ClCompile Include="..\Common\GUI\WardwizLangManager.cpp">
      <Filter>GUI</Filter>
    </ClCompile>
    <ClCompile Include="..\Common\IPC\ISpyCommServer.cpp">
      <Filter>IPC</Filter>
    </ClCompile>
    <ClCompile Include="..\Common\IPC\ISpyCommunicator.cpp">
      <Filter>IPC</Filter>
    </ClCompile>
    <ClCompile Include="..\Common\IPC\ISpyCriticalSection.cpp">
      <Filter>IPC</Filter>
    </ClCompile>
    <ClCompile Include="..\Common\IPC\iSpyMemMapClient.cpp">
      <Filter>IPC</Filter>
    </ClCompile>
    <ClCompile Include="..\Common\IPC\iSpyMemMapServer.cpp">
      <Filter>IPC</Filter>
    </ClCompile>
    <ClCompile Include="..\Common\IPC\ISpyNamedPipeListener.cpp">
      <Filter>IPC</Filter>
    </ClCompile>
    <ClCompile Include="..\Common\ISpyEmail\ISpyDataManager.cpp">
      <Filter>ISpyEmail</Filter>
    </ClCompile>
    <ClCompile Include="..\Common\ISpyEmail\ISpyList.cpp">
      <Filter>ISpyEmail</Filter>
    </ClCompile>
    <ClCompile Include="..\Common\System\EnumProcess.cpp">
      <Filter>System</Filter>
    </ClCompile>
    <ClCompile Include="..\Common\CrashDumpHandlerInc\WardWizDumpCreater.cpp">
      <Filter>System</Filter>
    </ClCompile>
    <ClCompile Include="..\Common\System\WrdwizEncDecManager.cpp">
      <Filter>System</Filter>
    </ClCompile>
    <ClCompile Include="..\Common\System\iTINRegWrapper.cpp">
      <Filter>System</Filter>
    </ClCompile>
    <ClCompile Include="WardWizRegistryOpt.cpp">
      <Filter>Source Files</Filter>
    </ClCompile>
    <ClCompile Include="WardWizDataCrypt.cpp">
      <Filter>Source Files</Filter>
    </ClCompile>
    <ClCompile Include="SelectDialog.cpp">
      <Filter>Source Files</Filter>
    </ClCompile>
    <ClCompile Include="WardWizRecover.cpp">
      <Filter>Source Files</Filter>
    </ClCompile>
    <ClCompile Include="WardWizSettings.cpp">
      <Filter>Source Files</Filter>
    </ClCompile>
    <ClCompile Include="WardWizAntirootkit.cpp">
      <Filter>Source Files</Filter>
    </ClCompile>
    <ClCompile Include="WardWizUpdates.cpp">
      <Filter>Source Files</Filter>
    </ClCompile>
    <ClCompile Include="WardWizLiveUpdate.cpp">
      <Filter>Source Files</Filter>
    </ClCompile>
    <ClCompile Include="..\Common\System\WWizSettingsWrapper.cpp">
      <Filter>System</Filter>
    </ClCompile>
    <ClCompile Include="WardWizReports.cpp">
      <Filter>Source Files</Filter>
    </ClCompile>
    <ClCompile Include="..\Common\System\CScannerLoad.cpp">
      <Filter>DriverInstall</Filter>
    </ClCompile>
    <ClCompile Include="..\Common\System\CSecure64.cpp">
      <Filter>DriverInstall</Filter>
    </ClCompile>
    <ClCompile Include="..\Common\System\WardwizOSVersion.cpp">
      <Filter>System</Filter>
    </ClCompile>
    <ClCompile Include="..\Common\System\WrdWizSystemInfo.cpp">
      <Filter>System</Filter>
    </ClCompile>
    <ClCompile Include="..\Common\Scanner\ExcludeFilesFolders.cpp">
      <Filter>ISpyScanner</Filter>
    </ClCompile>
    <ClCompile Include="..\Common\Scanner\WardWizDatabaseInterface.cpp">
      <Filter>Source Files</Filter>
    </ClCompile>
    <ClCompile Include="..\Common\Scanner\ExcludeFilesFolders.cpp">
      <Filter>Source Files</Filter>
    </ClCompile>
    <ClCompile Include="WardWizFolderLocker.cpp">
      <Filter>Source Files</Filter>
    </ClCompile>
    <ClCompile Include="WardWizEmailScan.cpp">
      <Filter>Source Files</Filter>
    </ClCompile>
    <ClCompile Include="WardWizFirewall.cpp">
      <Filter>Source Files</Filter>
    </ClCompile>
    <ClCompile Include="..\Common\Scanner\ScanByName.cpp">
      <Filter>ISpyScanner</Filter>
    </ClCompile>
    <ClCompile Include="WardWizParentalControl.cpp">
      <Filter>Source Files</Filter>
    </ClCompile>
    <ClCompile Include="WardWizFullScan.cpp">
      <Filter>Source Files</Filter>
    </ClCompile>
    <ClCompile Include="WardWizQuickScan.cpp">
      <Filter>Source Files</Filter>
    </ClCompile>
    <ClCompile Include="WrdWizBrowserSecurity.cpp">
      <Filter>Source Files</Filter>
    </ClCompile>
    <ClCompile Include="..\Common\System\ExecuteProcess.cpp">
      <Filter>Source Files</Filter>
    </ClCompile>
  </ItemGroup>
  <ItemGroup>
    <ResourceCompile Include="WardWizUI.rc">
      <Filter>Resource Files</Filter>
    </ResourceCompile>
  </ItemGroup>
  <ItemGroup>
    <None Include="res\WardWizUI.rc2">
      <Filter>Resource Files</Filter>
    </None>
  </ItemGroup>
  <ItemGroup>
    <Image Include="res\WardWizUI.ico">
      <Filter>Resource Files</Filter>
    </Image>
  </ItemGroup>
</Project>