<?xml version="1.0" encoding="utf-8"?>
<Project ToolsVersion="4.0" xmlns="http://schemas.microsoft.com/developer/msbuild/2003">
  <ItemGroup>
    <Filter Include="Source Files">
      <UniqueIdentifier>{4FC737F1-C7A5-4376-A066-2A32D752A2FF}</UniqueIdentifier>
      <Extensions>cpp;c;cc;cxx;def;odl;idl;hpj;bat;asm;asmx</Extensions>
    </Filter>
    <Filter Include="Header Files">
      <UniqueIdentifier>{93995380-89BD-4b04-88EB-625FBE52EBFB}</UniqueIdentifier>
      <Extensions>h;hh;hpp;hxx;hm;inl;inc;xsd</Extensions>
    </Filter>
    <Filter Include="Resource Files">
      <UniqueIdentifier>{67DA6AB6-F800-4c08-8B7A-83BB121AAD01}</UniqueIdentifier>
      <Extensions>rc;ico;cur;bmp;dlg;rc2;rct;bin;rgs;gif;jpg;jpeg;jpe;resx;tiff;tif;png;wav;mfcribbon-ms</Extensions>
    </Filter>
    <Filter Include="GUI">
      <UniqueIdentifier>{498cef84-17bd-4865-b283-49eeba147a7e}</UniqueIdentifier>
    </Filter>
    <Filter Include="System">
      <UniqueIdentifier>{a5458219-5f8c-4f76-aae8-bdfbd9108669}</UniqueIdentifier>
    </Filter>
    <Filter Include="DriverInstall">
      <UniqueIdentifier>{86593c6b-4c41-42ee-94a8-e401d0280bb2}</UniqueIdentifier>
    </Filter>
    <Filter Include="IPC">
      <UniqueIdentifier>{ec7b2423-6cf3-4cf2-8709-5580a6d5c21c}</UniqueIdentifier>
    </Filter>
  </ItemGroup>
  <ItemGroup>
    <Text Include="ReadMe.txt" />
  </ItemGroup>
  <ItemGroup>
    <ClInclude Include="WrdWizRescueDisk.h">
      <Filter>Header Files</Filter>
    </ClInclude>
    <ClInclude Include="WrdWizRescueDiskDlg.h">
      <Filter>Header Files</Filter>
    </ClInclude>
    <ClInclude Include="stdafx.h">
      <Filter>Header Files</Filter>
    </ClInclude>
    <ClInclude Include="targetver.h">
      <Filter>Header Files</Filter>
    </ClInclude>
    <ClInclude Include="Resource.h">
      <Filter>Header Files</Filter>
    </ClInclude>
    <ClInclude Include="..\Common\GUI\WardwizLangManager.h">
      <Filter>GUI</Filter>
    </ClInclude>
    <ClInclude Include="..\Common\CrashDumpHandlerInc\WardWizDumpCreater.h">
      <Filter>System</Filter>
    </ClInclude>
    <ClInclude Include="..\Common\System\iTINRegWrapper.h">
      <Filter>System</Filter>
    </ClInclude>
    <ClInclude Include="..\Common\System\WardwizOSVersion.h">
      <Filter>System</Filter>
    </ClInclude>
    <ClInclude Include="..\Common\System\WrdWizSystemInfo.h">
      <Filter>System</Filter>
    </ClInclude>
    <ClInclude Include="..\Common\System\WWizSettingsWrapper.h">
      <Filter>System</Filter>
    </ClInclude>
    <ClInclude Include="DiskInfo.h">
      <Filter>Header Files</Filter>
    </ClInclude>
    <ClInclude Include="..\Common\System\CScannerLoad.h">
      <Filter>DriverInstall</Filter>
    </ClInclude>
    <ClInclude Include="..\Common\System\CSecure64.h">
      <Filter>DriverInstall</Filter>
    </ClInclude>
    <ClInclude Include="..\Common\System\DriverConstants.h">
      <Filter>DriverInstall</Filter>
    </ClInclude>
    <ClInclude Include="..\Common\IPC\ISpyNamedPipeListener.h">
      <Filter>IPC</Filter>
    </ClInclude>
    <ClInclude Include="..\Common\IPC\PipeConstants.h">
      <Filter>IPC</Filter>
    </ClInclude>
    <ClInclude Include="..\Common\IPC\iSpyMemMapClient.h">
      <Filter>IPC</Filter>
    </ClInclude>
    <ClInclude Include="..\Common\IPC\iSpyMemMapServer.h">
      <Filter>IPC</Filter>
    </ClInclude>
    <ClInclude Include="..\Common\IPC\ISpyCommunicator.h">
      <Filter>IPC</Filter>
    </ClInclude>
  </ItemGroup>
  <ItemGroup>
    <ClCompile Include="WrdWizRescueDisk.cpp">
      <Filter>Source Files</Filter>
    </ClCompile>
    <ClCompile Include="WrdWizRescueDiskDlg.cpp">
      <Filter>Source Files</Filter>
    </ClCompile>
    <ClCompile Include="stdafx.cpp">
      <Filter>Source Files</Filter>
    </ClCompile>
    <ClCompile Include="..\Common\GUI\WardwizLangManager.cpp">
      <Filter>GUI</Filter>
    </ClCompile>
    <ClCompile Include="..\Common\CrashDumpHandlerInc\WardWizDumpCreater.cpp">
      <Filter>System</Filter>
    </ClCompile>
    <ClCompile Include="..\Common\System\iTINRegWrapper.cpp">
      <Filter>System</Filter>
    </ClCompile>
    <ClCompile Include="..\Common\System\WardwizOSVersion.cpp">
      <Filter>System</Filter>
    </ClCompile>
    <ClCompile Include="..\Common\System\WrdWizSystemInfo.cpp">
      <Filter>System</Filter>
    </ClCompile>
    <ClCompile Include="..\Common\System\WWizSettingsWrapper.cpp">
      <Filter>System</Filter>
    </ClCompile>
    <ClCompile Include="..\Common\System\CScannerLoad.cpp">
      <Filter>DriverInstall</Filter>
    </ClCompile>
    <ClCompile Include="..\Common\System\CSecure64.cpp">
      <Filter>DriverInstall</Filter>
    </ClCompile>
    <ClCompile Include="..\Common\IPC\ISpyNamedPipeListener.cpp">
      <Filter>IPC</Filter>
    </ClCompile>
    <ClCompile Include="..\Common\IPC\iSpyMemMapClient.cpp">
      <Filter>IPC</Filter>
    </ClCompile>
    <ClCompile Include="..\Common\IPC\iSpyMemMapServer.cpp">
      <Filter>IPC</Filter>
    </ClCompile>
    <ClCompile Include="..\Common\IPC\ISpyCommunicator.cpp">
      <Filter>IPC</Filter>
    </ClCompile>
  </ItemGroup>
  <ItemGroup>
    <ResourceCompile Include="WrdWizRescueDisk.rc">
      <Filter>Resource Files</Filter>
    </ResourceCompile>
  </ItemGroup>
  <ItemGroup>
    <None Include="res\WrdWizRescueDisk.rc2">
      <Filter>Resource Files</Filter>
    </None>
  </ItemGroup>
  <ItemGroup>
    <Image Include="res\WrdWizRescueDisk.ico">
      <Filter>Resource Files</Filter>
    </Image>
  </ItemGroup>
</Project>