Microsoft Visual Studio Solution File, Format Version 10.00
# Visual Studio 2008
Project("{8BC9CEB8-8B4A-11D0-8D11-00A0C91BC942}") = "ALL_BUILD", "ALL_BUILD.vcproj", "{1B96E2E1-4965-471A-93A2-9B94A4BC365B}"
	ProjectSection(ProjectDependencies) = postProject
		{8BDBB88C-FC0C-4657-AA10-9F7C18113895} = {8BDBB88C-FC0C-4657-AA10-9F7C18113895}
	EndProjectSection
EndProject
Project("{8BC9CEB8-8B4A-11D0-8D11-00A0C91BC942}") = "CrashRptProbe", "..\crashrptprobe\CrashRptProbe.vcproj", "{2FA51A90-B3E5-4B68-8B1A-AAF0686BBE18}"
	ProjectSection(ProjectDependencies) = postProject
		{90D184B7-DFE1-40E5-9490-B878AA20AAB7} = {90D184B7-DFE1-40E5-9490-B878AA20AAB7}
		{F0F2B8FB-DDFA-47E4-A03C-2E878E1CCCF2} = {F0F2B8FB-DDFA-47E4-A03C-2E878E1CCCF2}
		{3B533BA2-8744-4542-99B2-40F383D3A91E} = {3B533BA2-8744-4542-99B2-40F383D3A91E}
		{2E18506C-A61F-4BBF-BFDA-DD85A10E9A05} = {2E18506C-A61F-4BBF-BFDA-DD85A10E9A05}
	EndProjectSection
EndProject
Project("{8BC9CEB8-8B4A-11D0-8D11-00A0C91BC942}") = "ZERO_CHECK", "..\..\ZERO_CHECK.vcproj", "{90D184B7-DFE1-40E5-9490-B878AA20AAB7}"
	ProjectSection(ProjectDependencies) = postProject
	EndProjectSection
EndProject
Project("{8BC9CEB8-8B4A-11D0-8D11-00A0C91BC942}") = "crprober", "crprober.vcproj", "{8BDBB88C-FC0C-4657-AA10-9F7C18113895}"
	ProjectSection(ProjectDependencies) = postProject
		{2FA51A90-B3E5-4B68-8B1A-AAF0686BBE18} = {2FA51A90-B3E5-4B68-8B1A-AAF0686BBE18}
		{90D184B7-DFE1-40E5-9490-B878AA20AAB7} = {90D184B7-DFE1-40E5-9490-B878AA20AAB7}
		{F0F2B8FB-DDFA-47E4-A03C-2E878E1CCCF2} = {F0F2B8FB-DDFA-47E4-A03C-2E878E1CCCF2}
		{3B533BA2-8744-4542-99B2-40F383D3A91E} = {3B533BA2-8744-4542-99B2-40F383D3A91E}
		{2E18506C-A61F-4BBF-BFDA-DD85A10E9A05} = {2E18506C-A61F-4BBF-BFDA-DD85A10E9A05}
	EndProjectSection
EndProject
Project("{8BC9CEB8-8B4A-11D0-8D11-00A0C91BC942}") = "minizip", "..\..\thirdparty\minizip\minizip.vcproj", "{F0F2B8FB-DDFA-47E4-A03C-2E878E1CCCF2}"
	ProjectSection(ProjectDependencies) = postProject
		{90D184B7-DFE1-40E5-9490-B878AA20AAB7} = {90D184B7-DFE1-40E5-9490-B878AA20AAB7}
		{2E18506C-A61F-4BBF-BFDA-DD85A10E9A05} = {2E18506C-A61F-4BBF-BFDA-DD85A10E9A05}
	EndProjectSection
EndProject
Project("{8BC9CEB8-8B4A-11D0-8D11-00A0C91BC942}") = "tinyxml", "..\..\thirdparty\tinyxml\tinyxml.vcproj", "{3B533BA2-8744-4542-99B2-40F383D3A91E}"
	ProjectSection(ProjectDependencies) = postProject
		{90D184B7-DFE1-40E5-9490-B878AA20AAB7} = {90D184B7-DFE1-40E5-9490-B878AA20AAB7}
	EndProjectSection
EndProject
Project("{8BC9CEB8-8B4A-11D0-8D11-00A0C91BC942}") = "zlib", "..\..\thirdparty\zlib\zlib.vcproj", "{2E18506C-A61F-4BBF-BFDA-DD85A10E9A05}"
	ProjectSection(ProjectDependencies) = postProject
		{90D184B7-DFE1-40E5-9490-B878AA20AAB7} = {90D184B7-DFE1-40E5-9490-B878AA20AAB7}
	EndProjectSection
EndProject
Global
	GlobalSection(SolutionConfigurationPlatforms) = preSolution
		Debug|Win32 = Debug|Win32
		Release|Win32 = Release|Win32
	EndGlobalSection
	GlobalSection(ProjectConfigurationPlatforms) = postSolution
		{1B96E2E1-4965-471A-93A2-9B94A4BC365B}.Debug|Win32.ActiveCfg = Debug|Win32
		{1B96E2E1-4965-471A-93A2-9B94A4BC365B}.Release|Win32.ActiveCfg = Release|Win32
		{2FA51A90-B3E5-4B68-8B1A-AAF0686BBE18}.Debug|Win32.ActiveCfg = Debug|Win32
		{2FA51A90-B3E5-4B68-8B1A-AAF0686BBE18}.Debug|Win32.Build.0 = Debug|Win32
		{2FA51A90-B3E5-4B68-8B1A-AAF0686BBE18}.Release|Win32.ActiveCfg = Release|Win32
		{2FA51A90-B3E5-4B68-8B1A-AAF0686BBE18}.Release|Win32.Build.0 = Release|Win32
		{90D184B7-DFE1-40E5-9490-B878AA20AAB7}.Debug|Win32.ActiveCfg = Debug|Win32
		{90D184B7-DFE1-40E5-9490-B878AA20AAB7}.Debug|Win32.Build.0 = Debug|Win32
		{90D184B7-DFE1-40E5-9490-B878AA20AAB7}.Release|Win32.ActiveCfg = Release|Win32
		{90D184B7-DFE1-40E5-9490-B878AA20AAB7}.Release|Win32.Build.0 = Release|Win32
		{8BDBB88C-FC0C-4657-AA10-9F7C18113895}.Debug|Win32.ActiveCfg = Debug|Win32
		{8BDBB88C-FC0C-4657-AA10-9F7C18113895}.Debug|Win32.Build.0 = Debug|Win32
		{8BDBB88C-FC0C-4657-AA10-9F7C18113895}.Release|Win32.ActiveCfg = Release|Win32
		{8BDBB88C-FC0C-4657-AA10-9F7C18113895}.Release|Win32.Build.0 = Release|Win32
		{F0F2B8FB-DDFA-47E4-A03C-2E878E1CCCF2}.Debug|Win32.ActiveCfg = Debug|Win32
		{F0F2B8FB-DDFA-47E4-A03C-2E878E1CCCF2}.Debug|Win32.Build.0 = Debug|Win32
		{F0F2B8FB-DDFA-47E4-A03C-2E878E1CCCF2}.Release|Win32.ActiveCfg = Release|Win32
		{F0F2B8FB-DDFA-47E4-A03C-2E878E1CCCF2}.Release|Win32.Build.0 = Release|Win32
		{3B533BA2-8744-4542-99B2-40F383D3A91E}.Debug|Win32.ActiveCfg = Debug|Win32
		{3B533BA2-8744-4542-99B2-40F383D3A91E}.Debug|Win32.Build.0 = Debug|Win32
		{3B533BA2-8744-4542-99B2-40F383D3A91E}.Release|Win32.ActiveCfg = Release|Win32
		{3B533BA2-8744-4542-99B2-40F383D3A91E}.Release|Win32.Build.0 = Release|Win32
		{2E18506C-A61F-4BBF-BFDA-DD85A10E9A05}.Debug|Win32.ActiveCfg = Debug|Win32
		{2E18506C-A61F-4BBF-BFDA-DD85A10E9A05}.Debug|Win32.Build.0 = Debug|Win32
		{2E18506C-A61F-4BBF-BFDA-DD85A10E9A05}.Release|Win32.ActiveCfg = Release|Win32
		{2E18506C-A61F-4BBF-BFDA-DD85A10E9A05}.Release|Win32.Build.0 = Release|Win32
	EndGlobalSection
	GlobalSection(ExtensibilityGlobals) = postSolution
	EndGlobalSection
	GlobalSection(ExtensibilityAddIns) = postSolution
	EndGlobalSection
EndGlobal
