<?xml version="1.0" encoding="utf-8"?>
<Project ToolsVersion="4.0" xmlns="http://schemas.microsoft.com/developer/msbuild/2003">
  <ItemGroup>
    <Filter Include="Source Files">
      <UniqueIdentifier>{c516643f-2c7d-4033-ab86-8419a0c40da1}</UniqueIdentifier>
      <Extensions>cpp;c;cxx;rc;def;r;odl;idl;hpj;bat</Extensions>
    </Filter>
    <Filter Include="Header Files">
      <UniqueIdentifier>{f9333d5d-bd13-47b7-98dc-e69b219527b7}</UniqueIdentifier>
      <Extensions>h;hpp;hxx;hm;inl</Extensions>
    </Filter>
    <Filter Include="Resource Files">
      <UniqueIdentifier>{9ae22e2e-6e63-4377-940f-f8359ec58951}</UniqueIdentifier>
      <Extensions>ico;cur;bmp;dlg;rc2;rct;bin;rgs;gif;jpg;jpeg;jpe</Extensions>
    </Filter>
  </ItemGroup>
  <ItemGroup>
    <ClCompile Include="StdAfx.cpp">
      <Filter>Source Files</Filter>
    </ClCompile>
    <ClCompile Include="TurnOffComputer.cpp">
      <Filter>Source Files</Filter>
    </ClCompile>
    <ClCompile Include="TurnOffWindows.cpp">
      <Filter>Source Files</Filter>
    </ClCompile>
    <ClCompile Include="TurnOffWindowsDlg.cpp">
      <Filter>Source Files</Filter>
    </ClCompile>
  </ItemGroup>
  <ItemGroup>
    <ResourceCompile Include="TurnOffWindows.rc">
      <Filter>Source Files</Filter>
    </ResourceCompile>
  </ItemGroup>
  <ItemGroup>
    <ClInclude Include="Resource.h">
      <Filter>Header Files</Filter>
    </ClInclude>
    <ClInclude Include="StdAfx.h">
      <Filter>Header Files</Filter>
    </ClInclude>
    <ClInclude Include="TurnOffComputer.h">
      <Filter>Header Files</Filter>
    </ClInclude>
    <ClInclude Include="TurnOffWindows.h">
      <Filter>Header Files</Filter>
    </ClInclude>
    <ClInclude Include="TurnOffWindowsDlg.h">
      <Filter>Header Files</Filter>
    </ClInclude>
  </ItemGroup>
  <ItemGroup>
    <Image Include="res\log.bmp">
      <Filter>Resource Files</Filter>
    </Image>
    <Image Include="res\logoff.bmp">
      <Filter>Resource Files</Filter>
    </Image>
    <Image Include="res\reset.bmp">
      <Filter>Resource Files</Filter>
    </Image>
    <Image Include="res\turnoff.bmp">
      <Filter>Resource Files</Filter>
    </Image>
    <Image Include="res\TurnOffWindows.ico">
      <Filter>Resource Files</Filter>
    </Image>
  </ItemGroup>
  <ItemGroup>
    <Text Include="ReadMe.txt" />
  </ItemGroup>
  <ItemGroup>
    <CustomBuild Include="res\TurnOffWindows.rc2">
      <Filter>Resource Files</Filter>
    </CustomBuild>
  </ItemGroup>
</Project>