<?xml version="1.0" encoding="utf-8"?>
<Project ToolsVersion="4.0" xmlns="http://schemas.microsoft.com/developer/msbuild/2003">
  <ItemGroup>
    <Filter Include="Source Files">
      <UniqueIdentifier>{7a8fc570-9d52-42d7-84fa-34a82d73a22a}</UniqueIdentifier>
      <Extensions>cpp;c;cxx;rc;def;r;odl;idl;hpj;bat</Extensions>
    </Filter>
    <Filter Include="Header Files">
      <UniqueIdentifier>{41e3378d-dc3d-415b-9c42-d813c82030c7}</UniqueIdentifier>
      <Extensions>h;hpp;hxx;hm;inl</Extensions>
    </Filter>
    <Filter Include="Resource Files">
      <UniqueIdentifier>{2b50474d-3d29-45c0-9eb9-0b3594cd135d}</UniqueIdentifier>
      <Extensions>ico;cur;bmp;dlg;rc2;rct;bin;rgs;gif;jpg;jpeg;jpe</Extensions>
    </Filter>
    <Filter Include="System">
      <UniqueIdentifier>{591d9dbc-7a33-440b-8659-6588d1d4153a}</UniqueIdentifier>
    </Filter>
    <Filter Include="IPC">
      <UniqueIdentifier>{c66ef502-2742-42d3-8b32-615da8e984fc}</UniqueIdentifier>
    </Filter>
  </ItemGroup>
  <ItemGroup>
    <ClCompile Include="StdAfx.cpp">
      <Filter>Source Files</Filter>
    </ClCompile>
    <ClCompile Include="WrdWizSimpleExt.cpp">
      <Filter>Source Files</Filter>
    </ClCompile>
    <ClCompile Include="WrdWizSimpleShlExt.cpp">
      <Filter>Source Files</Filter>
    </ClCompile>
    <ClCompile Include="..\Common\CrashDumpHandlerInc\WardWizDumpCreater.cpp">
      <Filter>System</Filter>
    </ClCompile>
    <ClCompile Include="..\Common\System\iTINRegWrapper.cpp">
      <Filter>System</Filter>
    </ClCompile>
    <ClCompile Include="..\Common\IPC\ISpyCommServer.cpp">
      <Filter>IPC</Filter>
    </ClCompile>
    <ClCompile Include="..\Common\IPC\ISpyCommunicator.cpp">
      <Filter>IPC</Filter>
    </ClCompile>
    <ClCompile Include="..\Common\IPC\ISpyCriticalSection.cpp">
      <Filter>IPC</Filter>
    </ClCompile>
    <ClCompile Include="..\Common\IPC\ISpyNamedPipeListener.cpp">
      <Filter>IPC</Filter>
    </ClCompile>
    <ClCompile Include="..\Common\System\WWizSettingsWrapper.cpp">
      <Filter>System</Filter>
    </ClCompile>
    <ClCompile Include="..\Common\GUI\WardwizLangManager.cpp">
      <Filter>System</Filter>
    </ClCompile>
    <ClCompile Include="WrdWizFilePropSheetExt.cpp">
      <Filter>Source Files</Filter>
    </ClCompile>
  </ItemGroup>
  <ItemGroup>
    <None Include="WrdWizSimpleExt.def">
      <Filter>Source Files</Filter>
    </None>
    <None Include="WrdWizSimpleShlExt.rgs">
      <Filter>Resource Files</Filter>
    </None>
    <None Include="DisplayCplExt.rgs">
      <Filter>Resource Files</Filter>
    </None>
    <None Include="res\WardWizPrSheet.BMP">
      <Filter>Resource Files</Filter>
    </None>
  </ItemGroup>
  <ItemGroup>
    <ResourceCompile Include="WrdWizSimpleExt.rc">
      <Filter>Source Files</Filter>
    </ResourceCompile>
  </ItemGroup>
  <ItemGroup>
    <ClInclude Include="Resource.h">
      <Filter>Header Files</Filter>
    </ClInclude>
    <ClInclude Include="StdAfx.h">
      <Filter>Header Files</Filter>
    </ClInclude>
    <ClInclude Include="WrdWizSimpleExt.h">
      <Filter>Header Files</Filter>
    </ClInclude>
    <ClInclude Include="WrdWizSimpleShlExt.h">
      <Filter>Header Files</Filter>
    </ClInclude>
    <ClInclude Include="..\Common\CrashDumpHandlerInc\WardWizDumpCreater.h">
      <Filter>System</Filter>
    </ClInclude>
    <ClInclude Include="..\Common\System\iTINRegWrapper.h">
      <Filter>System</Filter>
    </ClInclude>
    <ClInclude Include="..\Common\IPC\ISpyCommServer.h">
      <Filter>IPC</Filter>
    </ClInclude>
    <ClInclude Include="..\Common\IPC\ISpyCommunicator.h">
      <Filter>IPC</Filter>
    </ClInclude>
    <ClInclude Include="..\Common\IPC\ISpyCriticalSection.h">
      <Filter>IPC</Filter>
    </ClInclude>
    <ClInclude Include="..\Common\IPC\ISpyNamedPipeListener.h">
      <Filter>IPC</Filter>
    </ClInclude>
    <ClInclude Include="..\Common\IPC\PipeConstants.h">
      <Filter>IPC</Filter>
    </ClInclude>
    <ClInclude Include="..\Common\System\WWizSettingsWrapper.h">
      <Filter>System</Filter>
    </ClInclude>
    <ClInclude Include="..\Common\GUI\WardwizLangManager.h">
      <Filter>System</Filter>
    </ClInclude>
    <ClInclude Include="WrdWizFilePropSheetExt.h">
      <Filter>Header Files</Filter>
    </ClInclude>
  </ItemGroup>
  <ItemGroup>
    <Image Include="res\register.bmp">
      <Filter>Resource Files</Filter>
    </Image>
    <Image Include="res\Rightclickimagefor_XP.bmp">
      <Filter>Resource Files</Filter>
    </Image>
    <Image Include="res\bitmap4.bmp">
      <Filter>Resource Files</Filter>
    </Image>
  </ItemGroup>
</Project>