<?xml version="1.0" encoding="utf-8"?>
<Project ToolsVersion="4.0" xmlns="http://schemas.microsoft.com/developer/msbuild/2003">
  <ItemGroup>
    <Filter Include="Source Files">
      <UniqueIdentifier>{4FC737F1-C7A5-4376-A066-2A32D752A2FF}</UniqueIdentifier>
      <Extensions>cpp;c;cc;cxx;def;odl;idl;hpj;bat;asm;asmx</Extensions>
    </Filter>
    <Filter Include="Header Files">
      <UniqueIdentifier>{93995380-89BD-4b04-88EB-625FBE52EBFB}</UniqueIdentifier>
      <Extensions>h;hh;hpp;hxx;hm;inl;inc;xsd</Extensions>
    </Filter>
    <Filter Include="Resource Files">
      <UniqueIdentifier>{67DA6AB6-F800-4c08-8B7A-83BB121AAD01}</UniqueIdentifier>
      <Extensions>rc;ico;cur;bmp;dlg;rc2;rct;bin;rgs;gif;jpg;jpeg;jpe;resx;tiff;tif;png;wav;mfcribbon-ms</Extensions>
    </Filter>
    <Filter Include="DriverInstall">
      <UniqueIdentifier>{c271e27a-2391-43d4-a1b0-7db7e944d8d2}</UniqueIdentifier>
    </Filter>
    <Filter Include="GUI">
      <UniqueIdentifier>{41557c87-2cb2-46bb-9791-deffc16feeb4}</UniqueIdentifier>
    </Filter>
    <Filter Include="IPC">
      <UniqueIdentifier>{e73fe84c-7e9c-4f1b-a9c9-3a37e6ab1ac7}</UniqueIdentifier>
    </Filter>
    <Filter Include="ISpyEmail">
      <UniqueIdentifier>{f455c13a-608c-4647-8ad0-5dc7c54a18d9}</UniqueIdentifier>
    </Filter>
    <Filter Include="ISpyScanner">
      <UniqueIdentifier>{6b24d41e-a52b-4d38-b168-e5a6f790bdfd}</UniqueIdentifier>
    </Filter>
    <Filter Include="System">
      <UniqueIdentifier>{d3b31ea2-cd81-4aa3-94ce-a186849c09c0}</UniqueIdentifier>
    </Filter>
  </ItemGroup>
  <ItemGroup>
    <Text Include="ReadMe.txt" />
  </ItemGroup>
  <ItemGroup>
    <ClInclude Include="WardWizMemScan.h">
      <Filter>Header Files</Filter>
    </ClInclude>
    <ClInclude Include="WardWizMemScanDlg.h">
      <Filter>Header Files</Filter>
    </ClInclude>
    <ClInclude Include="stdafx.h">
      <Filter>Header Files</Filter>
    </ClInclude>
    <ClInclude Include="targetver.h">
      <Filter>Header Files</Filter>
    </ClInclude>
    <ClInclude Include="Resource.h">
      <Filter>Header Files</Filter>
    </ClInclude>
    <ClInclude Include="..\Common\System\CScannerLoad.h">
      <Filter>DriverInstall</Filter>
    </ClInclude>
    <ClInclude Include="..\Common\System\CSecure64.h">
      <Filter>DriverInstall</Filter>
    </ClInclude>
    <ClInclude Include="..\Common\System\DriverConstants.h">
      <Filter>DriverInstall</Filter>
    </ClInclude>
    <ClInclude Include="..\Common\GUI\WardwizLangManager.h">
      <Filter>GUI</Filter>
    </ClInclude>
    <ClInclude Include="..\Common\IPC\ISpyCommServer.h">
      <Filter>IPC</Filter>
    </ClInclude>
    <ClInclude Include="..\Common\IPC\ISpyCommunicator.h">
      <Filter>IPC</Filter>
    </ClInclude>
    <ClInclude Include="..\Common\IPC\ISpyCriticalSection.h">
      <Filter>IPC</Filter>
    </ClInclude>
    <ClInclude Include="..\Common\IPC\iSpyMemMapClient.h">
      <Filter>IPC</Filter>
    </ClInclude>
    <ClInclude Include="..\Common\IPC\iSpyMemMapServer.h">
      <Filter>IPC</Filter>
    </ClInclude>
    <ClInclude Include="..\Common\IPC\ISpyNamedPipeListener.h">
      <Filter>IPC</Filter>
    </ClInclude>
    <ClInclude Include="..\Common\IPC\PipeConstants.h">
      <Filter>IPC</Filter>
    </ClInclude>
    <ClInclude Include="..\Common\ISpyEmail\ISpyDataManager.h">
      <Filter>ISpyEmail</Filter>
    </ClInclude>
    <ClInclude Include="..\Common\ISpyEmail\ISpyList.h">
      <Filter>ISpyEmail</Filter>
    </ClInclude>
    <ClInclude Include="..\Common\CrashDumpHandlerInc\WardWizDumpCreater.h">
      <Filter>System</Filter>
    </ClInclude>
    <ClInclude Include="..\Common\System\Enumprocess.h">
      <Filter>System</Filter>
    </ClInclude>
    <ClInclude Include="..\Common\System\iTINRegWrapper.h">
      <Filter>System</Filter>
    </ClInclude>
    <ClInclude Include="..\Common\System\WardwizOSVersion.h">
      <Filter>System</Filter>
    </ClInclude>
    <ClInclude Include="..\Common\System\WrdwizEncDecManager.h">
      <Filter>System</Filter>
    </ClInclude>
    <ClInclude Include="..\Common\System\WrdWizSystemInfo.h">
      <Filter>System</Filter>
    </ClInclude>
    <ClInclude Include="..\Common\System\WWizSettingsWrapper.h">
      <Filter>System</Filter>
    </ClInclude>
    <ClInclude Include="..\Common\Scanner\ExcludeFilesFolders.h">
      <Filter>Header Files</Filter>
    </ClInclude>
    <ClInclude Include="..\Common\Scanner\ScanByName.h">
      <Filter>Header Files</Filter>
    </ClInclude>
    <ClInclude Include="..\Common\Scanner\WardWizDatabaseInterface.h">
      <Filter>Header Files</Filter>
    </ClInclude>
    <ClInclude Include="..\Common\Scanner\ISpyScanner.h">
      <Filter>ISpyScanner</Filter>
    </ClInclude>
    <ClInclude Include="..\Common\Scanner\SAVAPIClient.h">
      <Filter>ISpyScanner</Filter>
    </ClInclude>
    <ClInclude Include="..\Common\ISpyEmail\ISpyDBManipulation.h">
      <Filter>ISpyEmail</Filter>
    </ClInclude>
    <ClInclude Include="..\Common\Scanner\BDClient.h">
      <Filter>ISpyScanner</Filter>
    </ClInclude>
  </ItemGroup>
  <ItemGroup>
    <ClCompile Include="WardWizMemScan.cpp">
      <Filter>Source Files</Filter>
    </ClCompile>
    <ClCompile Include="WardWizMemScanDlg.cpp">
      <Filter>Source Files</Filter>
    </ClCompile>
    <ClCompile Include="stdafx.cpp">
      <Filter>Source Files</Filter>
    </ClCompile>
    <ClCompile Include="..\Common\System\CScannerLoad.cpp">
      <Filter>DriverInstall</Filter>
    </ClCompile>
    <ClCompile Include="..\Common\System\CSecure64.cpp">
      <Filter>DriverInstall</Filter>
    </ClCompile>
    <ClCompile Include="..\Common\GUI\WardwizLangManager.cpp">
      <Filter>GUI</Filter>
    </ClCompile>
    <ClCompile Include="..\Common\IPC\ISpyCommServer.cpp">
      <Filter>IPC</Filter>
    </ClCompile>
    <ClCompile Include="..\Common\IPC\ISpyCommunicator.cpp">
      <Filter>IPC</Filter>
    </ClCompile>
    <ClCompile Include="..\Common\IPC\ISpyCriticalSection.cpp">
      <Filter>IPC</Filter>
    </ClCompile>
    <ClCompile Include="..\Common\IPC\iSpyMemMapClient.cpp">
      <Filter>IPC</Filter>
    </ClCompile>
    <ClCompile Include="..\Common\IPC\iSpyMemMapServer.cpp">
      <Filter>IPC</Filter>
    </ClCompile>
    <ClCompile Include="..\Common\IPC\ISpyNamedPipeListener.cpp">
      <Filter>IPC</Filter>
    </ClCompile>
    <ClCompile Include="..\Common\ISpyEmail\ISpyDataManager.cpp">
      <Filter>ISpyEmail</Filter>
    </ClCompile>
    <ClCompile Include="..\Common\ISpyEmail\ISpyList.cpp">
      <Filter>ISpyEmail</Filter>
    </ClCompile>
    <ClCompile Include="..\Common\Scanner\ExcludeFilesFolders.cpp">
      <Filter>ISpyScanner</Filter>
    </ClCompile>
    <ClCompile Include="..\Common\Scanner\ScanByName.cpp">
      <Filter>ISpyScanner</Filter>
    </ClCompile>
    <ClCompile Include="..\Common\CrashDumpHandlerInc\WardWizDumpCreater.cpp">
      <Filter>System</Filter>
    </ClCompile>
    <ClCompile Include="..\Common\System\EnumProcess.cpp">
      <Filter>System</Filter>
    </ClCompile>
    <ClCompile Include="..\Common\System\iTINRegWrapper.cpp">
      <Filter>System</Filter>
    </ClCompile>
    <ClCompile Include="..\Common\System\WardwizOSVersion.cpp">
      <Filter>System</Filter>
    </ClCompile>
    <ClCompile Include="..\Common\System\WrdwizEncDecManager.cpp">
      <Filter>System</Filter>
    </ClCompile>
    <ClCompile Include="..\Common\System\WrdWizSystemInfo.cpp">
      <Filter>System</Filter>
    </ClCompile>
    <ClCompile Include="..\Common\System\WWizSettingsWrapper.cpp">
      <Filter>System</Filter>
    </ClCompile>
    <ClCompile Include="..\Common\Scanner\WardWizDatabaseInterface.cpp">
      <Filter>Source Files</Filter>
    </ClCompile>
    <ClCompile Include="..\Common\Scanner\ISpyScanner.cpp">
      <Filter>ISpyScanner</Filter>
    </ClCompile>
    <ClCompile Include="..\Common\Scanner\SAVAPIClient.cpp">
      <Filter>ISpyScanner</Filter>
    </ClCompile>
    <ClCompile Include="..\Common\ISpyEmail\ISpyDBManipulation.cpp">
      <Filter>ISpyEmail</Filter>
    </ClCompile>
    <ClCompile Include="..\Common\Scanner\BDClient.cpp">
      <Filter>ISpyScanner</Filter>
    </ClCompile>
  </ItemGroup>
  <ItemGroup>
    <ResourceCompile Include="WardWizMemScan.rc">
      <Filter>Resource Files</Filter>
    </ResourceCompile>
  </ItemGroup>
  <ItemGroup>
    <None Include="res\WardWizMemScan.rc2">
      <Filter>Resource Files</Filter>
    </None>
  </ItemGroup>
  <ItemGroup>
    <Image Include="res\WardWizMemScan.ico">
      <Filter>Resource Files</Filter>
    </Image>
  </ItemGroup>
</Project>