<?xml version="1.0" encoding="utf-8"?>
<Project ToolsVersion="4.0" xmlns="http://schemas.microsoft.com/developer/msbuild/2003">
  <ItemGroup>
    <Filter Include="Source Files">
      <UniqueIdentifier>{4FC737F1-C7A5-4376-A066-2A32D752A2FF}</UniqueIdentifier>
      <Extensions>cpp;c;cc;cxx;def;odl;idl;hpj;bat;asm;asmx</Extensions>
    </Filter>
    <Filter Include="Header Files">
      <UniqueIdentifier>{93995380-89BD-4b04-88EB-625FBE52EBFB}</UniqueIdentifier>
      <Extensions>h;hpp;hxx;hm;inl;inc;xsd</Extensions>
    </Filter>
    <Filter Include="Resource Files">
      <UniqueIdentifier>{67DA6AB6-F800-4c08-8B7A-83BB121AAD01}</UniqueIdentifier>
      <Extensions>rc;ico;cur;bmp;dlg;rc2;rct;bin;rgs;gif;jpg;jpeg;jpe;resx;tiff;tif;png;wav</Extensions>
    </Filter>
    <Filter Include="GUI">
      <UniqueIdentifier>{72b90f5d-4a43-4a6c-8fc6-ced112cc92ea}</UniqueIdentifier>
    </Filter>
    <Filter Include="IPC">
      <UniqueIdentifier>{066d098c-9794-48d4-921c-29d14d043852}</UniqueIdentifier>
    </Filter>
    <Filter Include="System">
      <UniqueIdentifier>{7132a7fa-f0b9-4acd-a317-d7cfbcb93fdf}</UniqueIdentifier>
    </Filter>
    <Filter Include="ISpyEmail">
      <UniqueIdentifier>{dd389518-7d51-4ab7-8f39-e3c21e524301}</UniqueIdentifier>
    </Filter>
    <Filter Include="DriverInstall">
      <UniqueIdentifier>{c73c9844-fefd-4033-9fc8-0500cad468ff}</UniqueIdentifier>
    </Filter>
    <Filter Include="Scanner">
      <UniqueIdentifier>{b692a99c-39c7-465c-b0e9-0b8832d3c9e4}</UniqueIdentifier>
    </Filter>
  </ItemGroup>
  <ItemGroup>
    <ClCompile Include="stdafx.cpp">
      <Filter>Source Files</Filter>
    </ClCompile>
    <ClCompile Include="USBDetectUI.cpp">
      <Filter>Source Files</Filter>
    </ClCompile>
    <ClCompile Include="USBDetectUIDlg.cpp">
      <Filter>Source Files</Filter>
    </ClCompile>
    <ClCompile Include="USBPopupMsgDlg.cpp">
      <Filter>Source Files</Filter>
    </ClCompile>
    <ClCompile Include="..\Common\GUI\ColorEdit.cpp">
      <Filter>GUI</Filter>
    </ClCompile>
    <ClCompile Include="..\Common\GUI\ColorStatic.cpp">
      <Filter>GUI</Filter>
    </ClCompile>
    <ClCompile Include="..\Common\GUI\DialogExpander.cpp">
      <Filter>GUI</Filter>
    </ClCompile>
    <ClCompile Include="..\Common\GUI\DrivePickerListCtrl.cpp">
      <Filter>GUI</Filter>
    </ClCompile>
    <ClCompile Include="..\Common\GUI\FlatToolTipCtrl.cpp">
      <Filter>GUI</Filter>
    </ClCompile>
    <ClCompile Include="..\Common\GUI\GradientStatic.cpp">
      <Filter>GUI</Filter>
    </ClCompile>
    <ClCompile Include="..\Common\GUI\JpegDialog.cpp">
      <Filter>GUI</Filter>
    </ClCompile>
    <ClCompile Include="..\Common\GUI\PictureEx.cpp">
      <Filter>GUI</Filter>
    </ClCompile>
    <ClCompile Include="..\Common\GUI\TextProgressCtrl.cpp">
      <Filter>GUI</Filter>
    </ClCompile>
    <ClCompile Include="..\Common\GUI\WardwizLangManager.cpp">
      <Filter>GUI</Filter>
    </ClCompile>
    <ClCompile Include="..\Common\GUI\xSkinButton.cpp">
      <Filter>GUI</Filter>
    </ClCompile>
    <ClCompile Include="..\Common\IPC\ISpyCommServer.cpp">
      <Filter>IPC</Filter>
    </ClCompile>
    <ClCompile Include="..\Common\IPC\ISpyCommunicator.cpp">
      <Filter>IPC</Filter>
    </ClCompile>
    <ClCompile Include="..\Common\IPC\ISpyCriticalSection.cpp">
      <Filter>IPC</Filter>
    </ClCompile>
    <ClCompile Include="..\Common\IPC\iSpyMemMapClient.cpp">
      <Filter>IPC</Filter>
    </ClCompile>
    <ClCompile Include="..\Common\IPC\ISpyNamedPipeListener.cpp">
      <Filter>IPC</Filter>
    </ClCompile>
    <ClCompile Include="..\Common\System\iTINRegWrapper.cpp">
      <Filter>System</Filter>
    </ClCompile>
    <ClCompile Include="..\Common\CrashDumpHandlerInc\WardWizDumpCreater.cpp">
      <Filter>System</Filter>
    </ClCompile>
    <ClCompile Include="..\Common\System\WardwizOSVersion.cpp">
      <Filter>System</Filter>
    </ClCompile>
    <ClCompile Include="..\Common\System\EnumProcess.cpp">
      <Filter>System</Filter>
    </ClCompile>
    <ClCompile Include="..\Common\System\WrdwizEncDecManager.cpp">
      <Filter>System</Filter>
    </ClCompile>
    <ClCompile Include="..\Common\ISpyEmail\ISpyDataManager.cpp">
      <Filter>ISpyEmail</Filter>
    </ClCompile>
    <ClCompile Include="..\Common\ISpyEmail\ISpyList.cpp">
      <Filter>ISpyEmail</Filter>
    </ClCompile>
    <ClCompile Include="..\Common\GUI\StaticFilespec.cpp">
      <Filter>GUI</Filter>
    </ClCompile>
    <ClCompile Include="..\Common\System\CScannerLoad.cpp">
      <Filter>DriverInstall</Filter>
    </ClCompile>
    <ClCompile Include="..\Common\System\CSecure64.cpp">
      <Filter>DriverInstall</Filter>
    </ClCompile>
    <ClCompile Include="..\Common\ISpyEmail\ISpyDBManipulation.cpp">
      <Filter>ISpyEmail</Filter>
    </ClCompile>
    <ClCompile Include="..\Common\Scanner\ExcludeFilesFolders.cpp">
      <Filter>Scanner</Filter>
    </ClCompile>
    <ClCompile Include="..\Common\System\CScannerLoad.cpp">
      <Filter>Source Files</Filter>
    </ClCompile>
    <ClCompile Include="..\Common\System\CSecure64.cpp">
      <Filter>Source Files</Filter>
    </ClCompile>
    <ClCompile Include="..\Common\System\WWizSettingsWrapper.cpp">
      <Filter>System</Filter>
    </ClCompile>
    <ClCompile Include="..\Common\Scanner\WardWizDatabaseInterface.cpp">
      <Filter>Source Files</Filter>
    </ClCompile>
    <ClCompile Include="..\Common\System\WrdWizSystemInfo.cpp">
      <Filter>System</Filter>
    </ClCompile>
  </ItemGroup>
  <ItemGroup>
    <ClInclude Include="Resource.h">
      <Filter>Header Files</Filter>
    </ClInclude>
    <ClInclude Include="stdafx.h">
      <Filter>Header Files</Filter>
    </ClInclude>
    <ClInclude Include="targetver.h">
      <Filter>Header Files</Filter>
    </ClInclude>
    <ClInclude Include="USBDetectUI.h">
      <Filter>Header Files</Filter>
    </ClInclude>
    <ClInclude Include="USBDetectUIDlg.h">
      <Filter>Header Files</Filter>
    </ClInclude>
    <ClInclude Include="USBPopupMsgDlg.h">
      <Filter>Header Files</Filter>
    </ClInclude>
    <ClInclude Include="..\Common\GUI\WardWizResource.h">
      <Filter>Header Files</Filter>
    </ClInclude>
    <ClInclude Include="..\Common\GUI\ColorEdit.h">
      <Filter>GUI</Filter>
    </ClInclude>
    <ClInclude Include="..\Common\GUI\ColorStatic.h">
      <Filter>GUI</Filter>
    </ClInclude>
    <ClInclude Include="..\Common\GUI\DialogExpander.h">
      <Filter>GUI</Filter>
    </ClInclude>
    <ClInclude Include="..\Common\GUI\DrivePickerListCtrl.h">
      <Filter>GUI</Filter>
    </ClInclude>
    <ClInclude Include="..\Common\GUI\FlatToolTipCtrl.h">
      <Filter>GUI</Filter>
    </ClInclude>
    <ClInclude Include="..\Common\GUI\GradientStatic.h">
      <Filter>GUI</Filter>
    </ClInclude>
    <ClInclude Include="..\Common\GUI\JpegDialog.h">
      <Filter>GUI</Filter>
    </ClInclude>
    <ClInclude Include="..\Common\GUI\MemDC.h">
      <Filter>GUI</Filter>
    </ClInclude>
    <ClInclude Include="..\Common\GUI\PictureEx.h">
      <Filter>GUI</Filter>
    </ClInclude>
    <ClInclude Include="..\Common\GUI\TextProgressCtrl.h">
      <Filter>GUI</Filter>
    </ClInclude>
    <ClInclude Include="..\Common\GUI\WardwizLangManager.h">
      <Filter>GUI</Filter>
    </ClInclude>
    <ClInclude Include="..\Common\GUI\xSkinButton.h">
      <Filter>GUI</Filter>
    </ClInclude>
    <ClInclude Include="..\Common\IPC\ISpyCommServer.h">
      <Filter>IPC</Filter>
    </ClInclude>
    <ClInclude Include="..\Common\IPC\ISpyCommunicator.h">
      <Filter>IPC</Filter>
    </ClInclude>
    <ClInclude Include="..\Common\IPC\ISpyCriticalSection.h">
      <Filter>IPC</Filter>
    </ClInclude>
    <ClInclude Include="..\Common\IPC\iSpyMemMapClient.h">
      <Filter>IPC</Filter>
    </ClInclude>
    <ClInclude Include="..\Common\IPC\ISpyNamedPipeListener.h">
      <Filter>IPC</Filter>
    </ClInclude>
    <ClInclude Include="..\Common\IPC\PipeConstants.h">
      <Filter>IPC</Filter>
    </ClInclude>
    <ClInclude Include="..\Common\System\iTINRegWrapper.h">
      <Filter>System</Filter>
    </ClInclude>
    <ClInclude Include="..\Common\CrashDumpHandlerInc\WardWizDumpCreater.h">
      <Filter>System</Filter>
    </ClInclude>
    <ClInclude Include="..\Common\System\WardwizOSVersion.h">
      <Filter>System</Filter>
    </ClInclude>
    <ClInclude Include="..\Common\System\Enumprocess.h">
      <Filter>System</Filter>
    </ClInclude>
    <ClInclude Include="..\Common\System\WrdwizEncDecManager.h">
      <Filter>System</Filter>
    </ClInclude>
    <ClInclude Include="..\Common\ISpyEmail\ISpyDataManager.h">
      <Filter>ISpyEmail</Filter>
    </ClInclude>
    <ClInclude Include="..\Common\ISpyEmail\ISpyList.h">
      <Filter>ISpyEmail</Filter>
    </ClInclude>
    <ClInclude Include="..\Common\GUI\StaticFilespec.h">
      <Filter>GUI</Filter>
    </ClInclude>
    <ClInclude Include="..\Common\System\CScannerLoad.h">
      <Filter>DriverInstall</Filter>
    </ClInclude>
    <ClInclude Include="..\Common\System\CSecure64.h">
      <Filter>DriverInstall</Filter>
    </ClInclude>
    <ClInclude Include="..\Common\System\DriverConstants.h">
      <Filter>DriverInstall</Filter>
    </ClInclude>
    <ClInclude Include="..\Common\ISpyEmail\ISpyDBManipulation.h">
      <Filter>ISpyEmail</Filter>
    </ClInclude>
    <ClInclude Include="..\Common\Scanner\ExcludeFilesFolders.h">
      <Filter>Scanner</Filter>
    </ClInclude>
    <ClInclude Include="..\Common\System\CScannerLoad.h">
      <Filter>Header Files</Filter>
    </ClInclude>
    <ClInclude Include="..\Common\System\CSecure64.h">
      <Filter>Header Files</Filter>
    </ClInclude>
    <ClInclude Include="..\Common\System\DriverConstants.h">
      <Filter>Header Files</Filter>
    </ClInclude>
    <ClInclude Include="..\Common\System\WWizSettingsWrapper.h">
      <Filter>System</Filter>
    </ClInclude>
    <ClInclude Include="..\Common\Scanner\WardWizDatabaseInterface.h">
      <Filter>Header Files</Filter>
    </ClInclude>
    <ClInclude Include="..\Common\System\WrdWizSystemInfo.h">
      <Filter>System</Filter>
    </ClInclude>
  </ItemGroup>
  <ItemGroup>
    <Image Include="res\COMPANYLOGO.ICO">
      <Filter>Resource Files</Filter>
    </Image>
  </ItemGroup>
  <ItemGroup>
    <ResourceCompile Include="USBDetectUI.rc">
      <Filter>Resource Files</Filter>
    </ResourceCompile>
  </ItemGroup>
  <ItemGroup>
    <None Include="res\USBDetectUI.rc2">
      <Filter>Resource Files</Filter>
    </None>
  </ItemGroup>
  <ItemGroup>
    <Text Include="ReadMe.txt" />
  </ItemGroup>
</Project>