<?xml version="1.0" encoding="utf-8"?>
<Project ToolsVersion="4.0" xmlns="http://schemas.microsoft.com/developer/msbuild/2003">
  <ItemGroup>
    <Filter Include="Source Files">
      <UniqueIdentifier>{4FC737F1-C7A5-4376-A066-2A32D752A2FF}</UniqueIdentifier>
      <Extensions>cpp;c;cc;cxx;def;odl;idl;hpj;bat;asm;asmx</Extensions>
    </Filter>
    <Filter Include="Header Files">
      <UniqueIdentifier>{93995380-89BD-4b04-88EB-625FBE52EBFB}</UniqueIdentifier>
      <Extensions>h;hh;hpp;hxx;hm;inl;inc;xsd</Extensions>
    </Filter>
    <Filter Include="Resource Files">
      <UniqueIdentifier>{67DA6AB6-F800-4c08-8B7A-83BB121AAD01}</UniqueIdentifier>
      <Extensions>rc;ico;cur;bmp;dlg;rc2;rct;bin;rgs;gif;jpg;jpeg;jpe;resx;tiff;tif;png;wav;mfcribbon-ms</Extensions>
    </Filter>
    <Filter Include="GUI">
      <UniqueIdentifier>{b2161f2d-7b7e-44ff-a382-9a68f8643db6}</UniqueIdentifier>
    </Filter>
    <Filter Include="System">
      <UniqueIdentifier>{74341845-d682-4331-96f7-9167a3ee671d}</UniqueIdentifier>
    </Filter>
    <Filter Include="DriverInstall">
      <UniqueIdentifier>{001c1558-fb1f-474d-812f-db42f26fdbb1}</UniqueIdentifier>
    </Filter>
    <Filter Include="IPC">
      <UniqueIdentifier>{68500fb9-2407-4416-b00b-4e243a6c04a8}</UniqueIdentifier>
    </Filter>
  </ItemGroup>
  <ItemGroup>
    <Text Include="ReadMe.txt" />
  </ItemGroup>
  <ItemGroup>
    <ClInclude Include="WrdWizAutoScn.h">
      <Filter>Header Files</Filter>
    </ClInclude>
    <ClInclude Include="WrdWizAutoScnDlg.h">
      <Filter>Header Files</Filter>
    </ClInclude>
    <ClInclude Include="stdafx.h">
      <Filter>Header Files</Filter>
    </ClInclude>
    <ClInclude Include="targetver.h">
      <Filter>Header Files</Filter>
    </ClInclude>
    <ClInclude Include="Resource.h">
      <Filter>Header Files</Filter>
    </ClInclude>
    <ClInclude Include="..\..\Common\GUI\ColorStatic.h">
      <Filter>GUI</Filter>
    </ClInclude>
    <ClInclude Include="..\..\Common\GUI\JpegDialog.h">
      <Filter>GUI</Filter>
    </ClInclude>
    <ClInclude Include="..\..\Common\GUI\MemDC.h">
      <Filter>GUI</Filter>
    </ClInclude>
    <ClInclude Include="..\..\Common\GUI\PictureEx.h">
      <Filter>GUI</Filter>
    </ClInclude>
    <ClInclude Include="..\..\Common\GUI\WardwizLangManager.h">
      <Filter>GUI</Filter>
    </ClInclude>
    <ClInclude Include="..\..\Common\GUI\xSkinButton.h">
      <Filter>GUI</Filter>
    </ClInclude>
    <ClInclude Include="..\..\Common\System\WardwizOSVersion.h">
      <Filter>System</Filter>
    </ClInclude>
    <ClInclude Include="..\..\Common\System\WrdWizSystemInfo.h">
      <Filter>System</Filter>
    </ClInclude>
    <ClInclude Include="..\..\Common\GUI\TextProgressCtrl.h">
      <Filter>Header Files</Filter>
    </ClInclude>
    <ClInclude Include="..\..\Common\CrashDumpHandlerInc\WardWizDumpCreater.h">
      <Filter>System</Filter>
    </ClInclude>
    <ClInclude Include="..\..\Common\System\iTINRegWrapper.h">
      <Filter>System</Filter>
    </ClInclude>
    <ClInclude Include="..\..\Common\System\CScannerLoad.h">
      <Filter>DriverInstall</Filter>
    </ClInclude>
    <ClInclude Include="..\..\Common\System\CSecure64.h">
      <Filter>DriverInstall</Filter>
    </ClInclude>
    <ClInclude Include="..\..\Common\System\DriverConstants.h">
      <Filter>DriverInstall</Filter>
    </ClInclude>
    <ClInclude Include="..\..\Common\System\WWizSettingsWrapper.h">
      <Filter>System</Filter>
    </ClInclude>
    <ClInclude Include="..\..\Common\Scanner\WardWizDatabaseInterface.h">
      <Filter>Header Files</Filter>
    </ClInclude>
    <ClInclude Include="..\..\Common\IPC\ISpyCriticalSection.h">
      <Filter>GUI</Filter>
    </ClInclude>
    <ClInclude Include="..\..\Common\IPC\ISpyNamedPipeListener.h">
      <Filter>IPC</Filter>
    </ClInclude>
    <ClInclude Include="..\..\Common\IPC\PipeConstants.h">
      <Filter>IPC</Filter>
    </ClInclude>
    <ClInclude Include="..\..\Common\IPC\iSpyMemMapClient.h">
      <Filter>IPC</Filter>
    </ClInclude>
    <ClInclude Include="..\..\Common\IPC\iSpyMemMapServer.h">
      <Filter>IPC</Filter>
    </ClInclude>
    <ClInclude Include="..\..\Common\IPC\ISpyCommunicator.h">
      <Filter>IPC</Filter>
    </ClInclude>
  </ItemGroup>
  <ItemGroup>
    <ClCompile Include="WrdWizAutoScn.cpp">
      <Filter>Source Files</Filter>
    </ClCompile>
    <ClCompile Include="WrdWizAutoScnDlg.cpp">
      <Filter>Source Files</Filter>
    </ClCompile>
    <ClCompile Include="stdafx.cpp">
      <Filter>Source Files</Filter>
    </ClCompile>
    <ClCompile Include="..\..\Common\GUI\ColorStatic.cpp">
      <Filter>GUI</Filter>
    </ClCompile>
    <ClCompile Include="..\..\Common\GUI\JpegDialog.cpp">
      <Filter>GUI</Filter>
    </ClCompile>
    <ClCompile Include="..\..\Common\GUI\PictureEx.cpp">
      <Filter>GUI</Filter>
    </ClCompile>
    <ClCompile Include="..\..\Common\GUI\WardwizLangManager.cpp">
      <Filter>GUI</Filter>
    </ClCompile>
    <ClCompile Include="..\..\Common\GUI\xSkinButton.cpp">
      <Filter>GUI</Filter>
    </ClCompile>
    <ClCompile Include="..\..\Common\System\WardwizOSVersion.cpp">
      <Filter>System</Filter>
    </ClCompile>
    <ClCompile Include="..\..\Common\System\WrdWizSystemInfo.cpp">
      <Filter>System</Filter>
    </ClCompile>
    <ClCompile Include="..\..\Common\GUI\TextProgressCtrl.cpp">
      <Filter>Source Files</Filter>
    </ClCompile>
    <ClCompile Include="..\..\Common\CrashDumpHandlerInc\WardWizDumpCreater.cpp">
      <Filter>System</Filter>
    </ClCompile>
    <ClCompile Include="..\..\Common\System\iTINRegWrapper.cpp">
      <Filter>System</Filter>
    </ClCompile>
    <ClCompile Include="..\..\Common\System\CScannerLoad.cpp">
      <Filter>DriverInstall</Filter>
    </ClCompile>
    <ClCompile Include="..\..\Common\System\CSecure64.cpp">
      <Filter>DriverInstall</Filter>
    </ClCompile>
    <ClCompile Include="..\..\Common\System\WWizSettingsWrapper.cpp">
      <Filter>System</Filter>
    </ClCompile>
    <ClCompile Include="..\..\Common\Scanner\WardWizDatabaseInterface.cpp">
      <Filter>Source Files</Filter>
    </ClCompile>
    <ClCompile Include="..\..\Common\IPC\ISpyCriticalSection.cpp">
      <Filter>GUI</Filter>
    </ClCompile>
    <ClCompile Include="..\..\Common\IPC\ISpyNamedPipeListener.cpp">
      <Filter>IPC</Filter>
    </ClCompile>
    <ClCompile Include="..\..\Common\IPC\iSpyMemMapClient.cpp">
      <Filter>IPC</Filter>
    </ClCompile>
    <ClCompile Include="..\..\Common\IPC\iSpyMemMapServer.cpp">
      <Filter>IPC</Filter>
    </ClCompile>
    <ClCompile Include="..\..\Common\IPC\ISpyCommunicator.cpp">
      <Filter>IPC</Filter>
    </ClCompile>
  </ItemGroup>
  <ItemGroup>
    <ResourceCompile Include="WrdWizAutoScn.rc">
      <Filter>Resource Files</Filter>
    </ResourceCompile>
  </ItemGroup>
  <ItemGroup>
    <None Include="res\WrdWizAutoScn.rc2">
      <Filter>Resource Files</Filter>
    </None>
  </ItemGroup>
  <ItemGroup>
    <Image Include="res\WrdWizAutoScn.ico">
      <Filter>Resource Files</Filter>
    </Image>
    <Image Include="res\AutorunScanner_BG.jpg">
      <Filter>Resource Files</Filter>
    </Image>
  </ItemGroup>
</Project>